{
  "name": "docs",
  "version": "1.0.0",
  "lockfileVersion": 1,
  "requires": true,
  "dependencies": {
    "goober": {
      "version": "1.6.4",
      "resolved": "https://registry.npmjs.org/goober/-/goober-1.6.4.tgz",
      "integrity": "sha512-kVazr2NtOdgO01nrf1H+uEnMwDydc+gvmTJ2eIcQhodz+shxMbvLYoVNoWEiBQdh9j1FzLHzBUYpESeS+LGenA=="
    }
  }
}
