{
  "name": "enthjs-page",
  "version": "1.0.0",
  "lockfileVersion": 1,
  "requires": true,
  "dependencies": {
    "goober": {
      "version": "1.7.1",
      "resolved": "https://registry.npmjs.org/goober/-/goober-1.7.1.tgz",
      "integrity": "sha512-xhX3UtDRLhikhVFOVS8Dqq1Hh1dc2joDWzhWW1jXSRCUGlhgXrijrX4G8yGcCoHD3bJomG06bZLrcV87T4oBoA=="
    }
  }
}
